
Microsoft Visual Studio Solution File, Format Version 12.00
# Visual Studio Version 17
VisualStudioVersion = 17.7.34221.43
MinimumVisualStudioVersion = 10.0.40219.1
Project("{FAE04EC0-301F-11D3-BF4B-00C04F79EFBC}") = "FramePFX", "FramePFX\FramePFX.csproj", "{941F18AD-2903-41BA-A29E-EA176E5E03B1}"
EndProject
Global
	GlobalSection(SolutionConfigurationPlatforms) = preSolution
		Debug|x64 = Debug|x64
		Release|x64 = Release|x64
	EndGlobalSection
	GlobalSection(ProjectConfigurationPlatforms) = postSolution
		{941F18AD-2903-41BA-A29E-EA176E5E03B1}.Debug|x64.ActiveCfg = Debug|x64
		{941F18AD-2903-41BA-A29E-EA176E5E03B1}.Debug|x64.Build.0 = Debug|x64
		{941F18AD-2903-41BA-A29E-EA176E5E03B1}.Release|x64.ActiveCfg = Release|x64
		{941F18AD-2903-41BA-A29E-EA176E5E03B1}.Release|x64.Build.0 = Release|x64
	EndGlobalSection
	GlobalSection(SolutionProperties) = preSolution
		HideSolutionNode = FALSE
	EndGlobalSection
	GlobalSection(ExtensibilityGlobals) = postSolution
		SolutionGuid = {5EFA5ECD-9C53-40B7-816C-B61B115B4C5A}
	EndGlobalSection
EndGlobal
